
Microsoft Visual Studio Solution File, Format Version 12.00
# Visual Studio 15
VisualStudioVersion = 15.0.27703.2000
MinimumVisualStudioVersion = 10.0.40219.1
Project("{FAE04EC0-301F-11D3-BF4B-00C04F79EFBC}") = "List-06", "List-06\List-06.csproj", "{997F1E44-D4B5-4508-AD6D-E17A6BBE868E}"
EndProject
Global
	GlobalSection(SolutionConfigurationPlatforms) = preSolution
		Debug|Any CPU = Debug|Any CPU
		Release|Any CPU = Release|Any CPU
	EndGlobalSection
	GlobalSection(ProjectConfigurationPlatforms) = postSolution
		{997F1E44-D4B5-4508-AD6D-E17A6BBE868E}.Debug|Any CPU.ActiveCfg = Debug|Any CPU
		{997F1E44-D4B5-4508-AD6D-E17A6BBE868E}.Debug|Any CPU.Build.0 = Debug|Any CPU
		{997F1E44-D4B5-4508-AD6D-E17A6BBE868E}.Release|Any CPU.ActiveCfg = Release|Any CPU
		{997F1E44-D4B5-4508-AD6D-E17A6BBE868E}.Release|Any CPU.Build.0 = Release|Any CPU
	EndGlobalSection
	GlobalSection(SolutionProperties) = preSolution
		HideSolutionNode = FALSE
	EndGlobalSection
	GlobalSection(ExtensibilityGlobals) = postSolution
		SolutionGuid = {70DD2F81-E526-4A7D-832B-A6BB1852235A}
	EndGlobalSection
EndGlobal
