
Microsoft Visual Studio Solution File, Format Version 12.00
# Visual Studio 15
VisualStudioVersion = 15.0.27703.2018
MinimumVisualStudioVersion = 10.0.40219.1
Project("{FAE04EC0-301F-11D3-BF4B-00C04F79EFBC}") = "MVCTutorial", "MVCTutorial\MVCTutorial.csproj", "{C853AE36-F55B-4CD5-8F0F-17EDED4C5AE5}"
EndProject
Global
	GlobalSection(SolutionConfigurationPlatforms) = preSolution
		Debug|Any CPU = Debug|Any CPU
		Release|Any CPU = Release|Any CPU
	EndGlobalSection
	GlobalSection(ProjectConfigurationPlatforms) = postSolution
		{C853AE36-F55B-4CD5-8F0F-17EDED4C5AE5}.Debug|Any CPU.ActiveCfg = Debug|Any CPU
		{C853AE36-F55B-4CD5-8F0F-17EDED4C5AE5}.Debug|Any CPU.Build.0 = Debug|Any CPU
		{C853AE36-F55B-4CD5-8F0F-17EDED4C5AE5}.Release|Any CPU.ActiveCfg = Release|Any CPU
		{C853AE36-F55B-4CD5-8F0F-17EDED4C5AE5}.Release|Any CPU.Build.0 = Release|Any CPU
	EndGlobalSection
	GlobalSection(SolutionProperties) = preSolution
		HideSolutionNode = FALSE
	EndGlobalSection
	GlobalSection(ExtensibilityGlobals) = postSolution
		SolutionGuid = {36ED7386-2B35-4DF7-A74F-91CCEF8D13D8}
	EndGlobalSection
EndGlobal
