
Microsoft Visual Studio Solution File, Format Version 12.00
# Visual Studio 15
VisualStudioVersion = 15.0.27703.2000
MinimumVisualStudioVersion = 10.0.40219.1
Project("{FAE04EC0-301F-11D3-BF4B-00C04F79EFBC}") = "String-04", "String-04\String-04.csproj", "{712F0D7D-23E4-4F3E-ABE7-2E0613CA39DB}"
EndProject
Global
	GlobalSection(SolutionConfigurationPlatforms) = preSolution
		Debug|Any CPU = Debug|Any CPU
		Release|Any CPU = Release|Any CPU
	EndGlobalSection
	GlobalSection(ProjectConfigurationPlatforms) = postSolution
		{712F0D7D-23E4-4F3E-ABE7-2E0613CA39DB}.Debug|Any CPU.ActiveCfg = Debug|Any CPU
		{712F0D7D-23E4-4F3E-ABE7-2E0613CA39DB}.Debug|Any CPU.Build.0 = Debug|Any CPU
		{712F0D7D-23E4-4F3E-ABE7-2E0613CA39DB}.Release|Any CPU.ActiveCfg = Release|Any CPU
		{712F0D7D-23E4-4F3E-ABE7-2E0613CA39DB}.Release|Any CPU.Build.0 = Release|Any CPU
	EndGlobalSection
	GlobalSection(SolutionProperties) = preSolution
		HideSolutionNode = FALSE
	EndGlobalSection
	GlobalSection(ExtensibilityGlobals) = postSolution
		SolutionGuid = {F0EA52BA-7464-4B5B-8657-D2B3A4F0D804}
	EndGlobalSection
EndGlobal
