
Microsoft Visual Studio Solution File, Format Version 12.00
# Visual Studio 15
VisualStudioVersion = 15.0.27703.2000
MinimumVisualStudioVersion = 10.0.40219.1
Project("{FAE04EC0-301F-11D3-BF4B-00C04F79EFBC}") = "FindPartOfAnInteger", "FindPartOfAnInteger\FindPartOfAnInteger.csproj", "{B1182676-E529-4ED5-BB76-8A86930EC96E}"
EndProject
Global
	GlobalSection(SolutionConfigurationPlatforms) = preSolution
		Debug|Any CPU = Debug|Any CPU
		Release|Any CPU = Release|Any CPU
	EndGlobalSection
	GlobalSection(ProjectConfigurationPlatforms) = postSolution
		{B1182676-E529-4ED5-BB76-8A86930EC96E}.Debug|Any CPU.ActiveCfg = Debug|Any CPU
		{B1182676-E529-4ED5-BB76-8A86930EC96E}.Debug|Any CPU.Build.0 = Debug|Any CPU
		{B1182676-E529-4ED5-BB76-8A86930EC96E}.Release|Any CPU.ActiveCfg = Release|Any CPU
		{B1182676-E529-4ED5-BB76-8A86930EC96E}.Release|Any CPU.Build.0 = Release|Any CPU
	EndGlobalSection
	GlobalSection(SolutionProperties) = preSolution
		HideSolutionNode = FALSE
	EndGlobalSection
	GlobalSection(ExtensibilityGlobals) = postSolution
		SolutionGuid = {F7D39459-9835-47C9-AFB8-107836E18C57}
	EndGlobalSection
EndGlobal
