
Microsoft Visual Studio Solution File, Format Version 12.00
# Visual Studio 15
VisualStudioVersion = 15.0.27703.2000
MinimumVisualStudioVersion = 10.0.40219.1
Project("{FAE04EC0-301F-11D3-BF4B-00C04F79EFBC}") = "ChangeElement", "ChangeElement\ChangeElement.csproj", "{F4C0FE24-B8BB-40AC-B6B7-A695EB82C632}"
EndProject
Global
	GlobalSection(SolutionConfigurationPlatforms) = preSolution
		Debug|Any CPU = Debug|Any CPU
		Release|Any CPU = Release|Any CPU
	EndGlobalSection
	GlobalSection(ProjectConfigurationPlatforms) = postSolution
		{F4C0FE24-B8BB-40AC-B6B7-A695EB82C632}.Debug|Any CPU.ActiveCfg = Debug|Any CPU
		{F4C0FE24-B8BB-40AC-B6B7-A695EB82C632}.Debug|Any CPU.Build.0 = Debug|Any CPU
		{F4C0FE24-B8BB-40AC-B6B7-A695EB82C632}.Release|Any CPU.ActiveCfg = Release|Any CPU
		{F4C0FE24-B8BB-40AC-B6B7-A695EB82C632}.Release|Any CPU.Build.0 = Release|Any CPU
	EndGlobalSection
	GlobalSection(SolutionProperties) = preSolution
		HideSolutionNode = FALSE
	EndGlobalSection
	GlobalSection(ExtensibilityGlobals) = postSolution
		SolutionGuid = {968EA35F-8892-4CE1-AEF2-0BD0841A31B5}
	EndGlobalSection
EndGlobal
