
Microsoft Visual Studio Solution File, Format Version 12.00
# Visual Studio 15
VisualStudioVersion = 15.0.27703.2000
MinimumVisualStudioVersion = 10.0.40219.1
Project("{FAE04EC0-301F-11D3-BF4B-00C04F79EFBC}") = "FizzBuzz", "FizzBuzz\FizzBuzz.csproj", "{FC96C0FF-1E78-4616-9C37-A340013F977F}"
EndProject
Global
	GlobalSection(SolutionConfigurationPlatforms) = preSolution
		Debug|Any CPU = Debug|Any CPU
		Release|Any CPU = Release|Any CPU
	EndGlobalSection
	GlobalSection(ProjectConfigurationPlatforms) = postSolution
		{FC96C0FF-1E78-4616-9C37-A340013F977F}.Debug|Any CPU.ActiveCfg = Debug|Any CPU
		{FC96C0FF-1E78-4616-9C37-A340013F977F}.Debug|Any CPU.Build.0 = Debug|Any CPU
		{FC96C0FF-1E78-4616-9C37-A340013F977F}.Release|Any CPU.ActiveCfg = Release|Any CPU
		{FC96C0FF-1E78-4616-9C37-A340013F977F}.Release|Any CPU.Build.0 = Release|Any CPU
	EndGlobalSection
	GlobalSection(SolutionProperties) = preSolution
		HideSolutionNode = FALSE
	EndGlobalSection
	GlobalSection(ExtensibilityGlobals) = postSolution
		SolutionGuid = {7C70DC5D-29FE-45A7-B551-609B499E27AA}
	EndGlobalSection
EndGlobal
