
Microsoft Visual Studio Solution File, Format Version 12.00
# Visual Studio 15
VisualStudioVersion = 15.0.27703.2018
MinimumVisualStudioVersion = 10.0.40219.1
Project("{FAE04EC0-301F-11D3-BF4B-00C04F79EFBC}") = "Anagramm", "Anagramm\Anagramm.csproj", "{833DBD21-E319-40C0-8566-A59A882FC97D}"
EndProject
Global
	GlobalSection(SolutionConfigurationPlatforms) = preSolution
		Debug|Any CPU = Debug|Any CPU
		Release|Any CPU = Release|Any CPU
	EndGlobalSection
	GlobalSection(ProjectConfigurationPlatforms) = postSolution
		{833DBD21-E319-40C0-8566-A59A882FC97D}.Debug|Any CPU.ActiveCfg = Debug|Any CPU
		{833DBD21-E319-40C0-8566-A59A882FC97D}.Debug|Any CPU.Build.0 = Debug|Any CPU
		{833DBD21-E319-40C0-8566-A59A882FC97D}.Release|Any CPU.ActiveCfg = Release|Any CPU
		{833DBD21-E319-40C0-8566-A59A882FC97D}.Release|Any CPU.Build.0 = Release|Any CPU
	EndGlobalSection
	GlobalSection(SolutionProperties) = preSolution
		HideSolutionNode = FALSE
	EndGlobalSection
	GlobalSection(ExtensibilityGlobals) = postSolution
		SolutionGuid = {E3C92CC4-C7CA-491F-8811-442D766376A3}
	EndGlobalSection
EndGlobal
