
Microsoft Visual Studio Solution File, Format Version 12.00
# Visual Studio 15
VisualStudioVersion = 15.0.27703.2000
MinimumVisualStudioVersion = 10.0.40219.1
Project("{FAE04EC0-301F-11D3-BF4B-00C04F79EFBC}") = "OneTwoAlot", "OneTwoAlot\OneTwoAlot.csproj", "{B8B68E03-7A10-45E7-90CA-FB8AF6BD7E97}"
EndProject
Global
	GlobalSection(SolutionConfigurationPlatforms) = preSolution
		Debug|Any CPU = Debug|Any CPU
		Release|Any CPU = Release|Any CPU
	EndGlobalSection
	GlobalSection(ProjectConfigurationPlatforms) = postSolution
		{B8B68E03-7A10-45E7-90CA-FB8AF6BD7E97}.Debug|Any CPU.ActiveCfg = Debug|Any CPU
		{B8B68E03-7A10-45E7-90CA-FB8AF6BD7E97}.Debug|Any CPU.Build.0 = Debug|Any CPU
		{B8B68E03-7A10-45E7-90CA-FB8AF6BD7E97}.Release|Any CPU.ActiveCfg = Release|Any CPU
		{B8B68E03-7A10-45E7-90CA-FB8AF6BD7E97}.Release|Any CPU.Build.0 = Release|Any CPU
	EndGlobalSection
	GlobalSection(SolutionProperties) = preSolution
		HideSolutionNode = FALSE
	EndGlobalSection
	GlobalSection(ExtensibilityGlobals) = postSolution
		SolutionGuid = {ED3C31FF-D766-4FD3-AE55-11C4EE9418DC}
	EndGlobalSection
EndGlobal
