
Microsoft Visual Studio Solution File, Format Version 12.00
# Visual Studio 15
VisualStudioVersion = 15.0.27703.2000
MinimumVisualStudioVersion = 10.0.40219.1
Project("{FAE04EC0-301F-11D3-BF4B-00C04F79EFBC}") = "HelloUser", "HelloUser\HelloUser.csproj", "{B71F4D04-3FF0-474A-95F9-A67021383026}"
EndProject
Global
	GlobalSection(SolutionConfigurationPlatforms) = preSolution
		Debug|Any CPU = Debug|Any CPU
		Release|Any CPU = Release|Any CPU
	EndGlobalSection
	GlobalSection(ProjectConfigurationPlatforms) = postSolution
		{B71F4D04-3FF0-474A-95F9-A67021383026}.Debug|Any CPU.ActiveCfg = Debug|Any CPU
		{B71F4D04-3FF0-474A-95F9-A67021383026}.Debug|Any CPU.Build.0 = Debug|Any CPU
		{B71F4D04-3FF0-474A-95F9-A67021383026}.Release|Any CPU.ActiveCfg = Release|Any CPU
		{B71F4D04-3FF0-474A-95F9-A67021383026}.Release|Any CPU.Build.0 = Release|Any CPU
	EndGlobalSection
	GlobalSection(SolutionProperties) = preSolution
		HideSolutionNode = FALSE
	EndGlobalSection
	GlobalSection(ExtensibilityGlobals) = postSolution
		SolutionGuid = {C8318F60-8716-4EE6-9CAB-9F928338A4DA}
	EndGlobalSection
EndGlobal
