
Microsoft Visual Studio Solution File, Format Version 12.00
# Visual Studio 15
VisualStudioVersion = 15.0.27703.2000
MinimumVisualStudioVersion = 10.0.40219.1
Project("{FAE04EC0-301F-11D3-BF4B-00C04F79EFBC}") = "List-07", "List-07\List-07.csproj", "{F7D4932D-0F13-42D2-9779-3EB42441D975}"
EndProject
Global
	GlobalSection(SolutionConfigurationPlatforms) = preSolution
		Debug|Any CPU = Debug|Any CPU
		Release|Any CPU = Release|Any CPU
	EndGlobalSection
	GlobalSection(ProjectConfigurationPlatforms) = postSolution
		{F7D4932D-0F13-42D2-9779-3EB42441D975}.Debug|Any CPU.ActiveCfg = Debug|Any CPU
		{F7D4932D-0F13-42D2-9779-3EB42441D975}.Debug|Any CPU.Build.0 = Debug|Any CPU
		{F7D4932D-0F13-42D2-9779-3EB42441D975}.Release|Any CPU.ActiveCfg = Release|Any CPU
		{F7D4932D-0F13-42D2-9779-3EB42441D975}.Release|Any CPU.Build.0 = Release|Any CPU
	EndGlobalSection
	GlobalSection(SolutionProperties) = preSolution
		HideSolutionNode = FALSE
	EndGlobalSection
	GlobalSection(ExtensibilityGlobals) = postSolution
		SolutionGuid = {7AC413E9-A7B9-41C8-90D6-E0D369D52603}
	EndGlobalSection
EndGlobal
