
Microsoft Visual Studio Solution File, Format Version 12.00
# Visual Studio 15
VisualStudioVersion = 15.0.27703.2000
MinimumVisualStudioVersion = 10.0.40219.1
Project("{FAE04EC0-301F-11D3-BF4B-00C04F79EFBC}") = "06-BunniesAgain", "06-BunniesAgain\06-BunniesAgain.csproj", "{989B6E66-5126-4331-8AB7-17F9A5798760}"
EndProject
Global
	GlobalSection(SolutionConfigurationPlatforms) = preSolution
		Debug|Any CPU = Debug|Any CPU
		Release|Any CPU = Release|Any CPU
	EndGlobalSection
	GlobalSection(ProjectConfigurationPlatforms) = postSolution
		{989B6E66-5126-4331-8AB7-17F9A5798760}.Debug|Any CPU.ActiveCfg = Debug|Any CPU
		{989B6E66-5126-4331-8AB7-17F9A5798760}.Debug|Any CPU.Build.0 = Debug|Any CPU
		{989B6E66-5126-4331-8AB7-17F9A5798760}.Release|Any CPU.ActiveCfg = Release|Any CPU
		{989B6E66-5126-4331-8AB7-17F9A5798760}.Release|Any CPU.Build.0 = Release|Any CPU
	EndGlobalSection
	GlobalSection(SolutionProperties) = preSolution
		HideSolutionNode = FALSE
	EndGlobalSection
	GlobalSection(ExtensibilityGlobals) = postSolution
		SolutionGuid = {97B44CEB-FF85-41E8-8BCD-86B2F9D839BE}
	EndGlobalSection
EndGlobal
