
Microsoft Visual Studio Solution File, Format Version 12.00
# Visual Studio 15
VisualStudioVersion = 15.0.27703.2000
MinimumVisualStudioVersion = 10.0.40219.1
Project("{FAE04EC0-301F-11D3-BF4B-00C04F79EFBC}") = "AnimalsAndLegs", "AnimalsAndLegs\AnimalsAndLegs.csproj", "{FF6F0928-C58A-41CD-8245-7A1DB1AF64CE}"
EndProject
Global
	GlobalSection(SolutionConfigurationPlatforms) = preSolution
		Debug|Any CPU = Debug|Any CPU
		Release|Any CPU = Release|Any CPU
	EndGlobalSection
	GlobalSection(ProjectConfigurationPlatforms) = postSolution
		{FF6F0928-C58A-41CD-8245-7A1DB1AF64CE}.Debug|Any CPU.ActiveCfg = Debug|Any CPU
		{FF6F0928-C58A-41CD-8245-7A1DB1AF64CE}.Debug|Any CPU.Build.0 = Debug|Any CPU
		{FF6F0928-C58A-41CD-8245-7A1DB1AF64CE}.Release|Any CPU.ActiveCfg = Release|Any CPU
		{FF6F0928-C58A-41CD-8245-7A1DB1AF64CE}.Release|Any CPU.Build.0 = Release|Any CPU
	EndGlobalSection
	GlobalSection(SolutionProperties) = preSolution
		HideSolutionNode = FALSE
	EndGlobalSection
	GlobalSection(ExtensibilityGlobals) = postSolution
		SolutionGuid = {EFFDC31C-CCBA-4669-85BE-731361594ADF}
	EndGlobalSection
EndGlobal
