
Microsoft Visual Studio Solution File, Format Version 12.00
# Visual Studio 15
VisualStudioVersion = 15.0.27703.2018
MinimumVisualStudioVersion = 10.0.40219.1
Project("{FAE04EC0-301F-11D3-BF4B-00C04F79EFBC}") = "Exercise6", "Exercise6\Exercise6.csproj", "{B511A072-615E-4D7B-953E-2E2336CB3DC9}"
EndProject
Global
	GlobalSection(SolutionConfigurationPlatforms) = preSolution
		Debug|Any CPU = Debug|Any CPU
		Release|Any CPU = Release|Any CPU
	EndGlobalSection
	GlobalSection(ProjectConfigurationPlatforms) = postSolution
		{B511A072-615E-4D7B-953E-2E2336CB3DC9}.Debug|Any CPU.ActiveCfg = Debug|Any CPU
		{B511A072-615E-4D7B-953E-2E2336CB3DC9}.Debug|Any CPU.Build.0 = Debug|Any CPU
		{B511A072-615E-4D7B-953E-2E2336CB3DC9}.Release|Any CPU.ActiveCfg = Release|Any CPU
		{B511A072-615E-4D7B-953E-2E2336CB3DC9}.Release|Any CPU.Build.0 = Release|Any CPU
	EndGlobalSection
	GlobalSection(SolutionProperties) = preSolution
		HideSolutionNode = FALSE
	EndGlobalSection
	GlobalSection(ExtensibilityGlobals) = postSolution
		SolutionGuid = {9A7F14D8-6774-40D1-8EE7-17553164F9F2}
	EndGlobalSection
EndGlobal
