
Microsoft Visual Studio Solution File, Format Version 12.00
# Visual Studio 15
VisualStudioVersion = 15.0.27703.2000
MinimumVisualStudioVersion = 10.0.40219.1
Project("{FAE04EC0-301F-11D3-BF4B-00C04F79EFBC}") = "DrawDiagonal", "DrawDiagonal\DrawDiagonal.csproj", "{4AFB3337-A5CB-4461-AC09-DC5225343660}"
EndProject
Global
	GlobalSection(SolutionConfigurationPlatforms) = preSolution
		Debug|Any CPU = Debug|Any CPU
		Release|Any CPU = Release|Any CPU
	EndGlobalSection
	GlobalSection(ProjectConfigurationPlatforms) = postSolution
		{4AFB3337-A5CB-4461-AC09-DC5225343660}.Debug|Any CPU.ActiveCfg = Debug|Any CPU
		{4AFB3337-A5CB-4461-AC09-DC5225343660}.Debug|Any CPU.Build.0 = Debug|Any CPU
		{4AFB3337-A5CB-4461-AC09-DC5225343660}.Release|Any CPU.ActiveCfg = Release|Any CPU
		{4AFB3337-A5CB-4461-AC09-DC5225343660}.Release|Any CPU.Build.0 = Release|Any CPU
	EndGlobalSection
	GlobalSection(SolutionProperties) = preSolution
		HideSolutionNode = FALSE
	EndGlobalSection
	GlobalSection(ExtensibilityGlobals) = postSolution
		SolutionGuid = {A77A19EF-8A7C-4B2F-9AA7-B1F83FCED6F6}
	EndGlobalSection
EndGlobal
