
Microsoft Visual Studio Solution File, Format Version 12.00
# Visual Studio 15
VisualStudioVersion = 15.0.27703.2018
MinimumVisualStudioVersion = 10.0.40219.1
Project("{FAE04EC0-301F-11D3-BF4B-00C04F79EFBC}") = "BirthDays", "BirthDays\BirthDays.csproj", "{00CAE386-9290-491D-94E9-F8FBDB639537}"
EndProject
Global
	GlobalSection(SolutionConfigurationPlatforms) = preSolution
		Debug|Any CPU = Debug|Any CPU
		Release|Any CPU = Release|Any CPU
	EndGlobalSection
	GlobalSection(ProjectConfigurationPlatforms) = postSolution
		{00CAE386-9290-491D-94E9-F8FBDB639537}.Debug|Any CPU.ActiveCfg = Debug|Any CPU
		{00CAE386-9290-491D-94E9-F8FBDB639537}.Debug|Any CPU.Build.0 = Debug|Any CPU
		{00CAE386-9290-491D-94E9-F8FBDB639537}.Release|Any CPU.ActiveCfg = Release|Any CPU
		{00CAE386-9290-491D-94E9-F8FBDB639537}.Release|Any CPU.Build.0 = Release|Any CPU
	EndGlobalSection
	GlobalSection(SolutionProperties) = preSolution
		HideSolutionNode = FALSE
	EndGlobalSection
	GlobalSection(ExtensibilityGlobals) = postSolution
		SolutionGuid = {C4D61117-946A-4A1C-8264-34C61B80C0D5}
	EndGlobalSection
EndGlobal
