
Microsoft Visual Studio Solution File, Format Version 12.00
# Visual Studio 15
VisualStudioVersion = 15.0.27703.2000
MinimumVisualStudioVersion = 10.0.40219.1
Project("{FAE04EC0-301F-11D3-BF4B-00C04F79EFBC}") = "PrintElement", "PrintElement\PrintElement.csproj", "{105A4A5C-EF4B-4D9E-A96D-F60F137C1F93}"
EndProject
Global
	GlobalSection(SolutionConfigurationPlatforms) = preSolution
		Debug|Any CPU = Debug|Any CPU
		Release|Any CPU = Release|Any CPU
	EndGlobalSection
	GlobalSection(ProjectConfigurationPlatforms) = postSolution
		{105A4A5C-EF4B-4D9E-A96D-F60F137C1F93}.Debug|Any CPU.ActiveCfg = Debug|Any CPU
		{105A4A5C-EF4B-4D9E-A96D-F60F137C1F93}.Debug|Any CPU.Build.0 = Debug|Any CPU
		{105A4A5C-EF4B-4D9E-A96D-F60F137C1F93}.Release|Any CPU.ActiveCfg = Release|Any CPU
		{105A4A5C-EF4B-4D9E-A96D-F60F137C1F93}.Release|Any CPU.Build.0 = Release|Any CPU
	EndGlobalSection
	GlobalSection(SolutionProperties) = preSolution
		HideSolutionNode = FALSE
	EndGlobalSection
	GlobalSection(ExtensibilityGlobals) = postSolution
		SolutionGuid = {291B6751-0370-4C50-8C76-89368E47F904}
	EndGlobalSection
EndGlobal
