
Microsoft Visual Studio Solution File, Format Version 12.00
# Visual Studio 15
VisualStudioVersion = 15.0.27703.2000
MinimumVisualStudioVersion = 10.0.40219.1
Project("{FAE04EC0-301F-11D3-BF4B-00C04F79EFBC}") = "08-StringsAgain", "08-StringsAgain\08-StringsAgain.csproj", "{F971AE12-6079-4D6C-A56E-F33E7DC85117}"
EndProject
Global
	GlobalSection(SolutionConfigurationPlatforms) = preSolution
		Debug|Any CPU = Debug|Any CPU
		Release|Any CPU = Release|Any CPU
	EndGlobalSection
	GlobalSection(ProjectConfigurationPlatforms) = postSolution
		{F971AE12-6079-4D6C-A56E-F33E7DC85117}.Debug|Any CPU.ActiveCfg = Debug|Any CPU
		{F971AE12-6079-4D6C-A56E-F33E7DC85117}.Debug|Any CPU.Build.0 = Debug|Any CPU
		{F971AE12-6079-4D6C-A56E-F33E7DC85117}.Release|Any CPU.ActiveCfg = Release|Any CPU
		{F971AE12-6079-4D6C-A56E-F33E7DC85117}.Release|Any CPU.Build.0 = Release|Any CPU
	EndGlobalSection
	GlobalSection(SolutionProperties) = preSolution
		HideSolutionNode = FALSE
	EndGlobalSection
	GlobalSection(ExtensibilityGlobals) = postSolution
		SolutionGuid = {F6C848E5-138E-461A-98FC-1D8C0B94BF9D}
	EndGlobalSection
EndGlobal
