
Microsoft Visual Studio Solution File, Format Version 12.00
# Visual Studio 15
VisualStudioVersion = 15.0.27703.2000
MinimumVisualStudioVersion = 10.0.40219.1
Project("{FAE04EC0-301F-11D3-BF4B-00C04F79EFBC}") = "CompareLength", "CompareLength\CompareLength.csproj", "{68843908-55CD-44E9-8741-D410D9581EC9}"
EndProject
Global
	GlobalSection(SolutionConfigurationPlatforms) = preSolution
		Debug|Any CPU = Debug|Any CPU
		Release|Any CPU = Release|Any CPU
	EndGlobalSection
	GlobalSection(ProjectConfigurationPlatforms) = postSolution
		{68843908-55CD-44E9-8741-D410D9581EC9}.Debug|Any CPU.ActiveCfg = Debug|Any CPU
		{68843908-55CD-44E9-8741-D410D9581EC9}.Debug|Any CPU.Build.0 = Debug|Any CPU
		{68843908-55CD-44E9-8741-D410D9581EC9}.Release|Any CPU.ActiveCfg = Release|Any CPU
		{68843908-55CD-44E9-8741-D410D9581EC9}.Release|Any CPU.Build.0 = Release|Any CPU
	EndGlobalSection
	GlobalSection(SolutionProperties) = preSolution
		HideSolutionNode = FALSE
	EndGlobalSection
	GlobalSection(ExtensibilityGlobals) = postSolution
		SolutionGuid = {7EAE223F-AC9B-4557-BD24-5C4EEC66F145}
	EndGlobalSection
EndGlobal
