
Microsoft Visual Studio Solution File, Format Version 12.00
# Visual Studio 15
VisualStudioVersion = 15.0.27703.2000
MinimumVisualStudioVersion = 10.0.40219.1
Project("{FAE04EC0-301F-11D3-BF4B-00C04F79EFBC}") = "Practice", "Practice\Practice.csproj", "{70120000-AF8A-404A-9B18-D61E604D9C31}"
EndProject
Global
	GlobalSection(SolutionConfigurationPlatforms) = preSolution
		Debug|Any CPU = Debug|Any CPU
		Release|Any CPU = Release|Any CPU
	EndGlobalSection
	GlobalSection(ProjectConfigurationPlatforms) = postSolution
		{70120000-AF8A-404A-9B18-D61E604D9C31}.Debug|Any CPU.ActiveCfg = Debug|Any CPU
		{70120000-AF8A-404A-9B18-D61E604D9C31}.Debug|Any CPU.Build.0 = Debug|Any CPU
		{70120000-AF8A-404A-9B18-D61E604D9C31}.Release|Any CPU.ActiveCfg = Release|Any CPU
		{70120000-AF8A-404A-9B18-D61E604D9C31}.Release|Any CPU.Build.0 = Release|Any CPU
	EndGlobalSection
	GlobalSection(SolutionProperties) = preSolution
		HideSolutionNode = FALSE
	EndGlobalSection
	GlobalSection(ExtensibilityGlobals) = postSolution
		SolutionGuid = {5C392309-40A6-4CC7-BC82-50774E28D1EC}
	EndGlobalSection
EndGlobal
