
Microsoft Visual Studio Solution File, Format Version 12.00
# Visual Studio 15
VisualStudioVersion = 15.0.27703.2000
MinimumVisualStudioVersion = 10.0.40219.1
Project("{FAE04EC0-301F-11D3-BF4B-00C04F79EFBC}") = "OpticalLines", "OpticalLines\OpticalLines.csproj", "{E95537FD-6705-4A68-9F9A-A9F89F260632}"
EndProject
Global
	GlobalSection(SolutionConfigurationPlatforms) = preSolution
		Debug|Any CPU = Debug|Any CPU
		Release|Any CPU = Release|Any CPU
	EndGlobalSection
	GlobalSection(ProjectConfigurationPlatforms) = postSolution
		{E95537FD-6705-4A68-9F9A-A9F89F260632}.Debug|Any CPU.ActiveCfg = Debug|Any CPU
		{E95537FD-6705-4A68-9F9A-A9F89F260632}.Debug|Any CPU.Build.0 = Debug|Any CPU
		{E95537FD-6705-4A68-9F9A-A9F89F260632}.Release|Any CPU.ActiveCfg = Release|Any CPU
		{E95537FD-6705-4A68-9F9A-A9F89F260632}.Release|Any CPU.Build.0 = Release|Any CPU
	EndGlobalSection
	GlobalSection(SolutionProperties) = preSolution
		HideSolutionNode = FALSE
	EndGlobalSection
	GlobalSection(ExtensibilityGlobals) = postSolution
		SolutionGuid = {904E2C9F-C843-40E0-B82D-190035465DD0}
	EndGlobalSection
EndGlobal
