
Microsoft Visual Studio Solution File, Format Version 12.00
# Visual Studio 15
VisualStudioVersion = 15.0.27703.2018
MinimumVisualStudioVersion = 10.0.40219.1
Project("{FAE04EC0-301F-11D3-BF4B-00C04F79EFBC}") = "Exercise3", "Exercise3\Exercise3.csproj", "{091C2E75-D5E1-45C0-835F-8F46C8AC2E62}"
EndProject
Global
	GlobalSection(SolutionConfigurationPlatforms) = preSolution
		Debug|Any CPU = Debug|Any CPU
		Release|Any CPU = Release|Any CPU
	EndGlobalSection
	GlobalSection(ProjectConfigurationPlatforms) = postSolution
		{091C2E75-D5E1-45C0-835F-8F46C8AC2E62}.Debug|Any CPU.ActiveCfg = Debug|Any CPU
		{091C2E75-D5E1-45C0-835F-8F46C8AC2E62}.Debug|Any CPU.Build.0 = Debug|Any CPU
		{091C2E75-D5E1-45C0-835F-8F46C8AC2E62}.Release|Any CPU.ActiveCfg = Release|Any CPU
		{091C2E75-D5E1-45C0-835F-8F46C8AC2E62}.Release|Any CPU.Build.0 = Release|Any CPU
	EndGlobalSection
	GlobalSection(SolutionProperties) = preSolution
		HideSolutionNode = FALSE
	EndGlobalSection
	GlobalSection(ExtensibilityGlobals) = postSolution
		SolutionGuid = {C1B21FFF-B7B9-4A5D-976B-6773712C0C9D}
	EndGlobalSection
EndGlobal
