
Microsoft Visual Studio Solution File, Format Version 12.00
# Visual Studio 15
VisualStudioVersion = 15.0.27703.2000
MinimumVisualStudioVersion = 10.0.40219.1
Project("{FAE04EC0-301F-11D3-BF4B-00C04F79EFBC}") = "IncrementElement", "IncrementElement\IncrementElement.csproj", "{571EEFBA-6409-4F00-8439-DA9D2EB15CFD}"
EndProject
Global
	GlobalSection(SolutionConfigurationPlatforms) = preSolution
		Debug|Any CPU = Debug|Any CPU
		Release|Any CPU = Release|Any CPU
	EndGlobalSection
	GlobalSection(ProjectConfigurationPlatforms) = postSolution
		{571EEFBA-6409-4F00-8439-DA9D2EB15CFD}.Debug|Any CPU.ActiveCfg = Debug|Any CPU
		{571EEFBA-6409-4F00-8439-DA9D2EB15CFD}.Debug|Any CPU.Build.0 = Debug|Any CPU
		{571EEFBA-6409-4F00-8439-DA9D2EB15CFD}.Release|Any CPU.ActiveCfg = Release|Any CPU
		{571EEFBA-6409-4F00-8439-DA9D2EB15CFD}.Release|Any CPU.Build.0 = Release|Any CPU
	EndGlobalSection
	GlobalSection(SolutionProperties) = preSolution
		HideSolutionNode = FALSE
	EndGlobalSection
	GlobalSection(ExtensibilityGlobals) = postSolution
		SolutionGuid = {110E731B-631D-47D6-AFC6-0D86D2224B4E}
	EndGlobalSection
EndGlobal
