
Microsoft Visual Studio Solution File, Format Version 12.00
# Visual Studio 15
VisualStudioVersion = 15.0.27703.2000
MinimumVisualStudioVersion = 10.0.40219.1
Project("{FAE04EC0-301F-11D3-BF4B-00C04F79EFBC}") = "07-Strings", "07-Strings\07-Strings.csproj", "{D3B2714A-993B-4691-9E9C-BE51C55B0022}"
EndProject
Global
	GlobalSection(SolutionConfigurationPlatforms) = preSolution
		Debug|Any CPU = Debug|Any CPU
		Release|Any CPU = Release|Any CPU
	EndGlobalSection
	GlobalSection(ProjectConfigurationPlatforms) = postSolution
		{D3B2714A-993B-4691-9E9C-BE51C55B0022}.Debug|Any CPU.ActiveCfg = Debug|Any CPU
		{D3B2714A-993B-4691-9E9C-BE51C55B0022}.Debug|Any CPU.Build.0 = Debug|Any CPU
		{D3B2714A-993B-4691-9E9C-BE51C55B0022}.Release|Any CPU.ActiveCfg = Release|Any CPU
		{D3B2714A-993B-4691-9E9C-BE51C55B0022}.Release|Any CPU.Build.0 = Release|Any CPU
	EndGlobalSection
	GlobalSection(SolutionProperties) = preSolution
		HideSolutionNode = FALSE
	EndGlobalSection
	GlobalSection(ExtensibilityGlobals) = postSolution
		SolutionGuid = {F8A85CF9-7EB8-4178-9382-34FB5FAC7A21}
	EndGlobalSection
EndGlobal
