
Microsoft Visual Studio Solution File, Format Version 12.00
# Visual Studio 15
VisualStudioVersion = 15.0.27703.2000
MinimumVisualStudioVersion = 10.0.40219.1
Project("{FAE04EC0-301F-11D3-BF4B-00C04F79EFBC}") = "List-02", "List-02\List-02.csproj", "{4DF871BC-D05F-4ADD-9E0A-6ECB1E606062}"
EndProject
Global
	GlobalSection(SolutionConfigurationPlatforms) = preSolution
		Debug|Any CPU = Debug|Any CPU
		Release|Any CPU = Release|Any CPU
	EndGlobalSection
	GlobalSection(ProjectConfigurationPlatforms) = postSolution
		{4DF871BC-D05F-4ADD-9E0A-6ECB1E606062}.Debug|Any CPU.ActiveCfg = Debug|Any CPU
		{4DF871BC-D05F-4ADD-9E0A-6ECB1E606062}.Debug|Any CPU.Build.0 = Debug|Any CPU
		{4DF871BC-D05F-4ADD-9E0A-6ECB1E606062}.Release|Any CPU.ActiveCfg = Release|Any CPU
		{4DF871BC-D05F-4ADD-9E0A-6ECB1E606062}.Release|Any CPU.Build.0 = Release|Any CPU
	EndGlobalSection
	GlobalSection(SolutionProperties) = preSolution
		HideSolutionNode = FALSE
	EndGlobalSection
	GlobalSection(ExtensibilityGlobals) = postSolution
		SolutionGuid = {EA953121-B1B7-4075-8AA7-80C5CC72EAC9}
	EndGlobalSection
EndGlobal
