
Microsoft Visual Studio Solution File, Format Version 12.00
# Visual Studio 15
VisualStudioVersion = 15.0.27703.2000
MinimumVisualStudioVersion = 10.0.40219.1
Project("{FAE04EC0-301F-11D3-BF4B-00C04F79EFBC}") = "DivideByZero", "DivideByZero\DivideByZero.csproj", "{4A1BE118-88B6-428B-8FBD-81F8F310F260}"
EndProject
Global
	GlobalSection(SolutionConfigurationPlatforms) = preSolution
		Debug|Any CPU = Debug|Any CPU
		Release|Any CPU = Release|Any CPU
	EndGlobalSection
	GlobalSection(ProjectConfigurationPlatforms) = postSolution
		{4A1BE118-88B6-428B-8FBD-81F8F310F260}.Debug|Any CPU.ActiveCfg = Debug|Any CPU
		{4A1BE118-88B6-428B-8FBD-81F8F310F260}.Debug|Any CPU.Build.0 = Debug|Any CPU
		{4A1BE118-88B6-428B-8FBD-81F8F310F260}.Release|Any CPU.ActiveCfg = Release|Any CPU
		{4A1BE118-88B6-428B-8FBD-81F8F310F260}.Release|Any CPU.Build.0 = Release|Any CPU
	EndGlobalSection
	GlobalSection(SolutionProperties) = preSolution
		HideSolutionNode = FALSE
	EndGlobalSection
	GlobalSection(ExtensibilityGlobals) = postSolution
		SolutionGuid = {A7EE5859-675C-4CB3-84E3-B868C0A0A229}
	EndGlobalSection
EndGlobal
