
Microsoft Visual Studio Solution File, Format Version 12.00
# Visual Studio 15
VisualStudioVersion = 15.0.27703.2000
MinimumVisualStudioVersion = 10.0.40219.1
Project("{FAE04EC0-301F-11D3-BF4B-00C04F79EFBC}") = "Third", "Third\Third.csproj", "{AAAF2A2B-8ED8-47B6-8DFF-7BB6548E0C4B}"
EndProject
Global
	GlobalSection(SolutionConfigurationPlatforms) = preSolution
		Debug|Any CPU = Debug|Any CPU
		Release|Any CPU = Release|Any CPU
	EndGlobalSection
	GlobalSection(ProjectConfigurationPlatforms) = postSolution
		{AAAF2A2B-8ED8-47B6-8DFF-7BB6548E0C4B}.Debug|Any CPU.ActiveCfg = Debug|Any CPU
		{AAAF2A2B-8ED8-47B6-8DFF-7BB6548E0C4B}.Debug|Any CPU.Build.0 = Debug|Any CPU
		{AAAF2A2B-8ED8-47B6-8DFF-7BB6548E0C4B}.Release|Any CPU.ActiveCfg = Release|Any CPU
		{AAAF2A2B-8ED8-47B6-8DFF-7BB6548E0C4B}.Release|Any CPU.Build.0 = Release|Any CPU
	EndGlobalSection
	GlobalSection(SolutionProperties) = preSolution
		HideSolutionNode = FALSE
	EndGlobalSection
	GlobalSection(ExtensibilityGlobals) = postSolution
		SolutionGuid = {35486744-DCDF-4D8C-9C44-34863813CCB9}
	EndGlobalSection
EndGlobal
