
Microsoft Visual Studio Solution File, Format Version 12.00
# Visual Studio 15
VisualStudioVersion = 15.0.27703.2000
MinimumVisualStudioVersion = 10.0.40219.1
Project("{FAE04EC0-301F-11D3-BF4B-00C04F79EFBC}") = "MultiplicationTable", "MultiplicationTable\MultiplicationTable.csproj", "{EF151B6F-3503-49F4-B30D-24CBFD46743C}"
EndProject
Global
	GlobalSection(SolutionConfigurationPlatforms) = preSolution
		Debug|Any CPU = Debug|Any CPU
		Release|Any CPU = Release|Any CPU
	EndGlobalSection
	GlobalSection(ProjectConfigurationPlatforms) = postSolution
		{EF151B6F-3503-49F4-B30D-24CBFD46743C}.Debug|Any CPU.ActiveCfg = Debug|Any CPU
		{EF151B6F-3503-49F4-B30D-24CBFD46743C}.Debug|Any CPU.Build.0 = Debug|Any CPU
		{EF151B6F-3503-49F4-B30D-24CBFD46743C}.Release|Any CPU.ActiveCfg = Release|Any CPU
		{EF151B6F-3503-49F4-B30D-24CBFD46743C}.Release|Any CPU.Build.0 = Release|Any CPU
	EndGlobalSection
	GlobalSection(SolutionProperties) = preSolution
		HideSolutionNode = FALSE
	EndGlobalSection
	GlobalSection(ExtensibilityGlobals) = postSolution
		SolutionGuid = {04E2F91F-7CAD-4DC2-B49F-A1C328DB06FC}
	EndGlobalSection
EndGlobal
