
Microsoft Visual Studio Solution File, Format Version 12.00
# Visual Studio 15
VisualStudioVersion = 15.0.27703.2000
MinimumVisualStudioVersion = 10.0.40219.1
Project("{FAE04EC0-301F-11D3-BF4B-00C04F79EFBC}") = "Sharpie", "Sharpie\Sharpie.csproj", "{27F6B0B0-5479-4AFB-9C3C-101096E11113}"
EndProject
Global
	GlobalSection(SolutionConfigurationPlatforms) = preSolution
		Debug|Any CPU = Debug|Any CPU
		Release|Any CPU = Release|Any CPU
	EndGlobalSection
	GlobalSection(ProjectConfigurationPlatforms) = postSolution
		{27F6B0B0-5479-4AFB-9C3C-101096E11113}.Debug|Any CPU.ActiveCfg = Debug|Any CPU
		{27F6B0B0-5479-4AFB-9C3C-101096E11113}.Debug|Any CPU.Build.0 = Debug|Any CPU
		{27F6B0B0-5479-4AFB-9C3C-101096E11113}.Release|Any CPU.ActiveCfg = Release|Any CPU
		{27F6B0B0-5479-4AFB-9C3C-101096E11113}.Release|Any CPU.Build.0 = Release|Any CPU
	EndGlobalSection
	GlobalSection(SolutionProperties) = preSolution
		HideSolutionNode = FALSE
	EndGlobalSection
	GlobalSection(ExtensibilityGlobals) = postSolution
		SolutionGuid = {88A1092C-763E-4033-9C05-C0D6BF38BAF9}
	EndGlobalSection
EndGlobal
