
Microsoft Visual Studio Solution File, Format Version 12.00
# Visual Studio 15
VisualStudioVersion = 15.0.27703.2035
MinimumVisualStudioVersion = 10.0.40219.1
Project("{FAE04EC0-301F-11D3-BF4B-00C04F79EFBC}") = "Groot", "Groot\Groot.csproj", "{36F037FF-549C-40F2-A8CE-BE63DED83F56}"
EndProject
Project("{FAE04EC0-301F-11D3-BF4B-00C04F79EFBC}") = "Groot.Integration.Tests", "Groot.Integration.Tests\Groot.Integration.Tests.csproj", "{224E5F8F-B8FD-48B5-ACC1-736909797123}"
EndProject
Global
	GlobalSection(SolutionConfigurationPlatforms) = preSolution
		Debug|Any CPU = Debug|Any CPU
		Release|Any CPU = Release|Any CPU
	EndGlobalSection
	GlobalSection(ProjectConfigurationPlatforms) = postSolution
		{36F037FF-549C-40F2-A8CE-BE63DED83F56}.Debug|Any CPU.ActiveCfg = Debug|Any CPU
		{36F037FF-549C-40F2-A8CE-BE63DED83F56}.Debug|Any CPU.Build.0 = Debug|Any CPU
		{36F037FF-549C-40F2-A8CE-BE63DED83F56}.Release|Any CPU.ActiveCfg = Release|Any CPU
		{36F037FF-549C-40F2-A8CE-BE63DED83F56}.Release|Any CPU.Build.0 = Release|Any CPU
		{224E5F8F-B8FD-48B5-ACC1-736909797123}.Debug|Any CPU.ActiveCfg = Debug|Any CPU
		{224E5F8F-B8FD-48B5-ACC1-736909797123}.Debug|Any CPU.Build.0 = Debug|Any CPU
		{224E5F8F-B8FD-48B5-ACC1-736909797123}.Release|Any CPU.ActiveCfg = Release|Any CPU
		{224E5F8F-B8FD-48B5-ACC1-736909797123}.Release|Any CPU.Build.0 = Release|Any CPU
	EndGlobalSection
	GlobalSection(SolutionProperties) = preSolution
		HideSolutionNode = FALSE
	EndGlobalSection
	GlobalSection(ExtensibilityGlobals) = postSolution
		SolutionGuid = {09762595-A34F-44AC-B082-BB063654DF2F}
	EndGlobalSection
EndGlobal
