
Microsoft Visual Studio Solution File, Format Version 12.00
# Visual Studio 15
VisualStudioVersion = 15.0.27703.2018
MinimumVisualStudioVersion = 10.0.40219.1
Project("{FAE04EC0-301F-11D3-BF4B-00C04F79EFBC}") = "MvcTutorialApp", "MvcTutorialApp\MvcTutorialApp.csproj", "{FFFE292D-5FCF-4724-90D9-297929B8C144}"
EndProject
Global
	GlobalSection(SolutionConfigurationPlatforms) = preSolution
		Debug|Any CPU = Debug|Any CPU
		Release|Any CPU = Release|Any CPU
	EndGlobalSection
	GlobalSection(ProjectConfigurationPlatforms) = postSolution
		{FFFE292D-5FCF-4724-90D9-297929B8C144}.Debug|Any CPU.ActiveCfg = Debug|Any CPU
		{FFFE292D-5FCF-4724-90D9-297929B8C144}.Debug|Any CPU.Build.0 = Debug|Any CPU
		{FFFE292D-5FCF-4724-90D9-297929B8C144}.Release|Any CPU.ActiveCfg = Release|Any CPU
		{FFFE292D-5FCF-4724-90D9-297929B8C144}.Release|Any CPU.Build.0 = Release|Any CPU
	EndGlobalSection
	GlobalSection(SolutionProperties) = preSolution
		HideSolutionNode = FALSE
	EndGlobalSection
	GlobalSection(ExtensibilityGlobals) = postSolution
		SolutionGuid = {A2B157B8-59F4-46B4-BCD2-5083C55DD25C}
	EndGlobalSection
EndGlobal
