
Microsoft Visual Studio Solution File, Format Version 12.00
# Visual Studio 15
VisualStudioVersion = 15.0.27703.2018
MinimumVisualStudioVersion = 10.0.40219.1
Project("{FAE04EC0-301F-11D3-BF4B-00C04F79EFBC}") = "Exercise8", "Exercise8\Exercise8.csproj", "{EE534C42-861D-4B79-963A-08D37E2EE498}"
EndProject
Global
	GlobalSection(SolutionConfigurationPlatforms) = preSolution
		Debug|Any CPU = Debug|Any CPU
		Release|Any CPU = Release|Any CPU
	EndGlobalSection
	GlobalSection(ProjectConfigurationPlatforms) = postSolution
		{EE534C42-861D-4B79-963A-08D37E2EE498}.Debug|Any CPU.ActiveCfg = Debug|Any CPU
		{EE534C42-861D-4B79-963A-08D37E2EE498}.Debug|Any CPU.Build.0 = Debug|Any CPU
		{EE534C42-861D-4B79-963A-08D37E2EE498}.Release|Any CPU.ActiveCfg = Release|Any CPU
		{EE534C42-861D-4B79-963A-08D37E2EE498}.Release|Any CPU.Build.0 = Release|Any CPU
	EndGlobalSection
	GlobalSection(SolutionProperties) = preSolution
		HideSolutionNode = FALSE
	EndGlobalSection
	GlobalSection(ExtensibilityGlobals) = postSolution
		SolutionGuid = {942767F5-D822-4B53-AF41-E4C138DB176F}
	EndGlobalSection
EndGlobal
