
Microsoft Visual Studio Solution File, Format Version 12.00
# Visual Studio 15
VisualStudioVersion = 15.0.27703.2035
MinimumVisualStudioVersion = 10.0.40219.1
Project("{FAE04EC0-301F-11D3-BF4B-00C04F79EFBC}") = "RedditREST", "RedditREST\RedditREST.csproj", "{B6F0FE74-DADC-44F9-B4AB-7B77C74FFDBF}"
EndProject
Global
	GlobalSection(SolutionConfigurationPlatforms) = preSolution
		Debug|Any CPU = Debug|Any CPU
		Release|Any CPU = Release|Any CPU
	EndGlobalSection
	GlobalSection(ProjectConfigurationPlatforms) = postSolution
		{B6F0FE74-DADC-44F9-B4AB-7B77C74FFDBF}.Debug|Any CPU.ActiveCfg = Debug|Any CPU
		{B6F0FE74-DADC-44F9-B4AB-7B77C74FFDBF}.Debug|Any CPU.Build.0 = Debug|Any CPU
		{B6F0FE74-DADC-44F9-B4AB-7B77C74FFDBF}.Release|Any CPU.ActiveCfg = Release|Any CPU
		{B6F0FE74-DADC-44F9-B4AB-7B77C74FFDBF}.Release|Any CPU.Build.0 = Release|Any CPU
	EndGlobalSection
	GlobalSection(SolutionProperties) = preSolution
		HideSolutionNode = FALSE
	EndGlobalSection
	GlobalSection(ExtensibilityGlobals) = postSolution
		SolutionGuid = {1BEE1A83-A31F-4D88-87A8-B9F6FF2B6535}
	EndGlobalSection
EndGlobal
