
Microsoft Visual Studio Solution File, Format Version 12.00
# Visual Studio 15
VisualStudioVersion = 15.0.27703.2018
MinimumVisualStudioVersion = 10.0.40219.1
Project("{FAE04EC0-301F-11D3-BF4B-00C04F79EFBC}") = "Exercise2", "Exercise2\Exercise2.csproj", "{8097D838-44EF-487D-B8B3-5BC5CE550AEC}"
EndProject
Global
	GlobalSection(SolutionConfigurationPlatforms) = preSolution
		Debug|Any CPU = Debug|Any CPU
		Release|Any CPU = Release|Any CPU
	EndGlobalSection
	GlobalSection(ProjectConfigurationPlatforms) = postSolution
		{8097D838-44EF-487D-B8B3-5BC5CE550AEC}.Debug|Any CPU.ActiveCfg = Debug|Any CPU
		{8097D838-44EF-487D-B8B3-5BC5CE550AEC}.Debug|Any CPU.Build.0 = Debug|Any CPU
		{8097D838-44EF-487D-B8B3-5BC5CE550AEC}.Release|Any CPU.ActiveCfg = Release|Any CPU
		{8097D838-44EF-487D-B8B3-5BC5CE550AEC}.Release|Any CPU.Build.0 = Release|Any CPU
	EndGlobalSection
	GlobalSection(SolutionProperties) = preSolution
		HideSolutionNode = FALSE
	EndGlobalSection
	GlobalSection(ExtensibilityGlobals) = postSolution
		SolutionGuid = {5F594E80-9F12-4E25-8369-9085CBC55906}
	EndGlobalSection
EndGlobal
