
Microsoft Visual Studio Solution File, Format Version 12.00
# Visual Studio 15
VisualStudioVersion = 15.0.27703.2000
MinimumVisualStudioVersion = 10.0.40219.1
Project("{FAE04EC0-301F-11D3-BF4B-00C04F79EFBC}") = "Reversed", "Reversed\Reversed.csproj", "{ACAE7CBF-94D1-46F1-80BF-85FA01AF67F3}"
EndProject
Global
	GlobalSection(SolutionConfigurationPlatforms) = preSolution
		Debug|Any CPU = Debug|Any CPU
		Release|Any CPU = Release|Any CPU
	EndGlobalSection
	GlobalSection(ProjectConfigurationPlatforms) = postSolution
		{ACAE7CBF-94D1-46F1-80BF-85FA01AF67F3}.Debug|Any CPU.ActiveCfg = Debug|Any CPU
		{ACAE7CBF-94D1-46F1-80BF-85FA01AF67F3}.Debug|Any CPU.Build.0 = Debug|Any CPU
		{ACAE7CBF-94D1-46F1-80BF-85FA01AF67F3}.Release|Any CPU.ActiveCfg = Release|Any CPU
		{ACAE7CBF-94D1-46F1-80BF-85FA01AF67F3}.Release|Any CPU.Build.0 = Release|Any CPU
	EndGlobalSection
	GlobalSection(SolutionProperties) = preSolution
		HideSolutionNode = FALSE
	EndGlobalSection
	GlobalSection(ExtensibilityGlobals) = postSolution
		SolutionGuid = {7366A094-E972-4B81-80BC-D6E50047BBBA}
	EndGlobalSection
EndGlobal
